{
  "name": "Chest GUI Release BP",
  "lockfileVersion": 2,
  "requires": true,
  "packages": {
    "": {
      "devDependencies": {
        "@minecraft/server": "^1.1.0-beta.1.19.70-preview.20"
      }
    },
    "node_modules/@minecraft/server": {
      "version": "1.1.0-beta.1.19.70-preview.20",
      "resolved": "https://registry.npmjs.org/@minecraft/server/-/server-1.1.0-beta.1.19.70-preview.20.tgz",
      "integrity": "sha512-G4BZqa6SM4Bqb+jAidgdhGF3/JRrw3PcrDJ+0hlsHZCOE8yYwectQJo0MHzZ0bIlE3hnEv6tzFDO3nxbeGMU+Q==",
      "dev": true
    }
  },
  "dependencies": {
    "@minecraft/server": {
      "version": "1.1.0-beta.1.19.70-preview.20",
      "resolved": "https://registry.npmjs.org/@minecraft/server/-/server-1.1.0-beta.1.19.70-preview.20.tgz",
      "integrity": "sha512-G4BZqa6SM4Bqb+jAidgdhGF3/JRrw3PcrDJ+0hlsHZCOE8yYwectQJo0MHzZ0bIlE3hnEv6tzFDO3nxbeGMU+Q==",
      "dev": true
    }
  }
}
